
Microsoft Visual Studio Solution File, Format Version 12.00
# Visual Studio Version 17
VisualStudioVersion = 17.13.35931.197
MinimumVisualStudioVersion = 10.0.40219.1
Project("{FAE04EC0-301F-11D3-BF4B-00C04F79EFBC}") = "SimpleRestAPI", "SimpleRestAPI.csproj", "{0B4C3D51-EC59-4F27-94A9-9506D6E988AF}"
EndProject
Project("{FAE04EC0-301F-11D3-BF4B-00C04F79EFBC}") = "SimpleTest", "..\SimpleTest\SimpleTest.csproj", "{898072E7-1BD1-4AB8-A3D6-C1C0CC083304}"
EndProject
Global
	GlobalSection(SolutionConfigurationPlatforms) = preSolution
		Debug|Any CPU = Debug|Any CPU
		Release|Any CPU = Release|Any CPU
	EndGlobalSection
	GlobalSection(ProjectConfigurationPlatforms) = postSolution
		{0B4C3D51-EC59-4F27-94A9-9506D6E988AF}.Debug|Any CPU.ActiveCfg = Debug|Any CPU
		{0B4C3D51-EC59-4F27-94A9-9506D6E988AF}.Debug|Any CPU.Build.0 = Debug|Any CPU
		{0B4C3D51-EC59-4F27-94A9-9506D6E988AF}.Release|Any CPU.ActiveCfg = Release|Any CPU
		{0B4C3D51-EC59-4F27-94A9-9506D6E988AF}.Release|Any CPU.Build.0 = Release|Any CPU
		{898072E7-1BD1-4AB8-A3D6-C1C0CC083304}.Debug|Any CPU.ActiveCfg = Debug|Any CPU
		{898072E7-1BD1-4AB8-A3D6-C1C0CC083304}.Debug|Any CPU.Build.0 = Debug|Any CPU
		{898072E7-1BD1-4AB8-A3D6-C1C0CC083304}.Release|Any CPU.ActiveCfg = Release|Any CPU
		{898072E7-1BD1-4AB8-A3D6-C1C0CC083304}.Release|Any CPU.Build.0 = Release|Any CPU
	EndGlobalSection
	GlobalSection(SolutionProperties) = preSolution
		HideSolutionNode = FALSE
	EndGlobalSection
	GlobalSection(ExtensibilityGlobals) = postSolution
		SolutionGuid = {C6EE5449-5C99-40F9-910F-05A618EE667E}
	EndGlobalSection
EndGlobal
